
Microsoft Visual Studio Solution File, Format Version 12.00
# Visual Studio Version 17
VisualStudioVersion = 17.7.34009.444
MinimumVisualStudioVersion = 10.0.40219.1
Project("{FAE04EC0-301F-11D3-BF4B-00C04F79EFBC}") = "ImplementingStackAndQueue", "ImplementingStackAndQueue\ImplementingStackAndQueue.csproj", "{A47EA503-6E0B-4003-83C6-96D575C830B2}"
EndProject
Global
	GlobalSection(SolutionConfigurationPlatforms) = preSolution
		Debug|Any CPU = Debug|Any CPU
		Release|Any CPU = Release|Any CPU
	EndGlobalSection
	GlobalSection(ProjectConfigurationPlatforms) = postSolution
		{A47EA503-6E0B-4003-83C6-96D575C830B2}.Debug|Any CPU.ActiveCfg = Debug|Any CPU
		{A47EA503-6E0B-4003-83C6-96D575C830B2}.Debug|Any CPU.Build.0 = Debug|Any CPU
		{A47EA503-6E0B-4003-83C6-96D575C830B2}.Release|Any CPU.ActiveCfg = Release|Any CPU
		{A47EA503-6E0B-4003-83C6-96D575C830B2}.Release|Any CPU.Build.0 = Release|Any CPU
	EndGlobalSection
	GlobalSection(SolutionProperties) = preSolution
		HideSolutionNode = FALSE
	EndGlobalSection
	GlobalSection(ExtensibilityGlobals) = postSolution
		SolutionGuid = {72B98051-0BE2-4922-A9A2-D09BCE613E06}
	EndGlobalSection
EndGlobal
