
Microsoft Visual Studio Solution File, Format Version 12.00
# Visual Studio Version 17
VisualStudioVersion = 17.7.34009.444
MinimumVisualStudioVersion = 10.0.40219.1
Project("{FAE04EC0-301F-11D3-BF4B-00C04F79EFBC}") = "01.UniquePINCodes", "01.UniquePINCodes\01.UniquePINCodes.csproj", "{5E4C7881-4B9B-457F-9481-5D3F42A9F3AA}"
EndProject
Project("{FAE04EC0-301F-11D3-BF4B-00C04F79EFBC}") = "02.LettersCombinations", "02.LettersCombinations\02.LettersCombinations.csproj", "{7EC30EC4-4685-49BC-9020-DD1D2DBC7023}"
EndProject
Project("{FAE04EC0-301F-11D3-BF4B-00C04F79EFBC}") = "03.LuckyNumbers", "03.LuckyNumbers\03.LuckyNumbers.csproj", "{3214C375-BF5E-4463-9F8E-821C9F1F13F2}"
EndProject
Project("{FAE04EC0-301F-11D3-BF4B-00C04F79EFBC}") = "04.CarNumber", "04.CarNumber\04.CarNumber.csproj", "{07A2C39D-03F1-4B4C-94A5-A0E57DB74B24}"
EndProject
Project("{FAE04EC0-301F-11D3-BF4B-00C04F79EFBC}") = "05.ChallengeTheWedding", "05.ChallengeTheWedding\05.ChallengeTheWedding.csproj", "{391CB785-AC9D-4A79-8131-CCC9AB90AC77}"
EndProject
Project("{FAE04EC0-301F-11D3-BF4B-00C04F79EFBC}") = "06.WeddingSeats", "06.WeddingSeats\06.WeddingSeats.csproj", "{7DC1DDD0-DFDA-4861-A2AD-DD5AD6A6B570}"
EndProject
Project("{FAE04EC0-301F-11D3-BF4B-00C04F79EFBC}") = "07.SafePasswordsGenerator", "07.SafePasswordsGenerator\07.SafePasswordsGenerator.csproj", "{6B5AAC1B-0E0F-4F97-B9E6-A8B6C728ECD4}"
EndProject
Project("{FAE04EC0-301F-11D3-BF4B-00C04F79EFBC}") = "08.SecretDoor'sLock", "08.SecretDoor'sLock\08.SecretDoor'sLock.csproj", "{20D73C14-CBAF-40A7-A0A3-0DCBF40357C9}"
EndProject
Project("{FAE04EC0-301F-11D3-BF4B-00C04F79EFBC}") = "09.SumOfTwoNumbers", "09.SumOfTwoNumbers\09.SumOfTwoNumbers.csproj", "{52F8F91B-112F-49A0-A5BA-7A7CCA690F6F}"
EndProject
Project("{FAE04EC0-301F-11D3-BF4B-00C04F79EFBC}") = "10.Profit", "10.Profit\10.Profit.csproj", "{04679A17-84AF-45D9-9C3B-FCF33978E5FD}"
EndProject
Project("{FAE04EC0-301F-11D3-BF4B-00C04F79EFBC}") = "11.HappyCatParking", "11.HappyCatParking\11.HappyCatParking.csproj", "{35EBF445-058F-4CDB-BB46-5D5FB1D970F9}"
EndProject
Project("{FAE04EC0-301F-11D3-BF4B-00C04F79EFBC}") = "12.TheSongOfTheWheels", "12.TheSongOfTheWheels\12.TheSongOfTheWheels.csproj", "{FE0EF7C5-F35A-462E-AA33-5C7FBC45C727}"
EndProject
Project("{FAE04EC0-301F-11D3-BF4B-00C04F79EFBC}") = "13. PrimePairs", "13. PrimePairs\13. PrimePairs.csproj", "{8AC2B6FA-A495-4276-AB6F-DA4D02B55B36}"
EndProject
Project("{FAE04EC0-301F-11D3-BF4B-00C04F79EFBC}") = "14.PasswordGenerator", "14.PasswordGenerator\14.PasswordGenerator.csproj", "{31AAC4E4-B266-45E9-BA83-16DFA7C7425B}"
EndProject
Global
	GlobalSection(SolutionConfigurationPlatforms) = preSolution
		Debug|Any CPU = Debug|Any CPU
		Release|Any CPU = Release|Any CPU
	EndGlobalSection
	GlobalSection(ProjectConfigurationPlatforms) = postSolution
		{5E4C7881-4B9B-457F-9481-5D3F42A9F3AA}.Debug|Any CPU.ActiveCfg = Debug|Any CPU
		{5E4C7881-4B9B-457F-9481-5D3F42A9F3AA}.Debug|Any CPU.Build.0 = Debug|Any CPU
		{5E4C7881-4B9B-457F-9481-5D3F42A9F3AA}.Release|Any CPU.ActiveCfg = Release|Any CPU
		{5E4C7881-4B9B-457F-9481-5D3F42A9F3AA}.Release|Any CPU.Build.0 = Release|Any CPU
		{7EC30EC4-4685-49BC-9020-DD1D2DBC7023}.Debug|Any CPU.ActiveCfg = Debug|Any CPU
		{7EC30EC4-4685-49BC-9020-DD1D2DBC7023}.Debug|Any CPU.Build.0 = Debug|Any CPU
		{7EC30EC4-4685-49BC-9020-DD1D2DBC7023}.Release|Any CPU.ActiveCfg = Release|Any CPU
		{7EC30EC4-4685-49BC-9020-DD1D2DBC7023}.Release|Any CPU.Build.0 = Release|Any CPU
		{3214C375-BF5E-4463-9F8E-821C9F1F13F2}.Debug|Any CPU.ActiveCfg = Debug|Any CPU
		{3214C375-BF5E-4463-9F8E-821C9F1F13F2}.Debug|Any CPU.Build.0 = Debug|Any CPU
		{3214C375-BF5E-4463-9F8E-821C9F1F13F2}.Release|Any CPU.ActiveCfg = Release|Any CPU
		{3214C375-BF5E-4463-9F8E-821C9F1F13F2}.Release|Any CPU.Build.0 = Release|Any CPU
		{07A2C39D-03F1-4B4C-94A5-A0E57DB74B24}.Debug|Any CPU.ActiveCfg = Debug|Any CPU
		{07A2C39D-03F1-4B4C-94A5-A0E57DB74B24}.Debug|Any CPU.Build.0 = Debug|Any CPU
		{07A2C39D-03F1-4B4C-94A5-A0E57DB74B24}.Release|Any CPU.ActiveCfg = Release|Any CPU
		{07A2C39D-03F1-4B4C-94A5-A0E57DB74B24}.Release|Any CPU.Build.0 = Release|Any CPU
		{391CB785-AC9D-4A79-8131-CCC9AB90AC77}.Debug|Any CPU.ActiveCfg = Debug|Any CPU
		{391CB785-AC9D-4A79-8131-CCC9AB90AC77}.Debug|Any CPU.Build.0 = Debug|Any CPU
		{391CB785-AC9D-4A79-8131-CCC9AB90AC77}.Release|Any CPU.ActiveCfg = Release|Any CPU
		{391CB785-AC9D-4A79-8131-CCC9AB90AC77}.Release|Any CPU.Build.0 = Release|Any CPU
		{7DC1DDD0-DFDA-4861-A2AD-DD5AD6A6B570}.Debug|Any CPU.ActiveCfg = Debug|Any CPU
		{7DC1DDD0-DFDA-4861-A2AD-DD5AD6A6B570}.Debug|Any CPU.Build.0 = Debug|Any CPU
		{7DC1DDD0-DFDA-4861-A2AD-DD5AD6A6B570}.Release|Any CPU.ActiveCfg = Release|Any CPU
		{7DC1DDD0-DFDA-4861-A2AD-DD5AD6A6B570}.Release|Any CPU.Build.0 = Release|Any CPU
		{6B5AAC1B-0E0F-4F97-B9E6-A8B6C728ECD4}.Debug|Any CPU.ActiveCfg = Debug|Any CPU
		{6B5AAC1B-0E0F-4F97-B9E6-A8B6C728ECD4}.Debug|Any CPU.Build.0 = Debug|Any CPU
		{6B5AAC1B-0E0F-4F97-B9E6-A8B6C728ECD4}.Release|Any CPU.ActiveCfg = Release|Any CPU
		{6B5AAC1B-0E0F-4F97-B9E6-A8B6C728ECD4}.Release|Any CPU.Build.0 = Release|Any CPU
		{20D73C14-CBAF-40A7-A0A3-0DCBF40357C9}.Debug|Any CPU.ActiveCfg = Debug|Any CPU
		{20D73C14-CBAF-40A7-A0A3-0DCBF40357C9}.Debug|Any CPU.Build.0 = Debug|Any CPU
		{20D73C14-CBAF-40A7-A0A3-0DCBF40357C9}.Release|Any CPU.ActiveCfg = Release|Any CPU
		{20D73C14-CBAF-40A7-A0A3-0DCBF40357C9}.Release|Any CPU.Build.0 = Release|Any CPU
		{52F8F91B-112F-49A0-A5BA-7A7CCA690F6F}.Debug|Any CPU.ActiveCfg = Debug|Any CPU
		{52F8F91B-112F-49A0-A5BA-7A7CCA690F6F}.Debug|Any CPU.Build.0 = Debug|Any CPU
		{52F8F91B-112F-49A0-A5BA-7A7CCA690F6F}.Release|Any CPU.ActiveCfg = Release|Any CPU
		{52F8F91B-112F-49A0-A5BA-7A7CCA690F6F}.Release|Any CPU.Build.0 = Release|Any CPU
		{04679A17-84AF-45D9-9C3B-FCF33978E5FD}.Debug|Any CPU.ActiveCfg = Debug|Any CPU
		{04679A17-84AF-45D9-9C3B-FCF33978E5FD}.Debug|Any CPU.Build.0 = Debug|Any CPU
		{04679A17-84AF-45D9-9C3B-FCF33978E5FD}.Release|Any CPU.ActiveCfg = Release|Any CPU
		{04679A17-84AF-45D9-9C3B-FCF33978E5FD}.Release|Any CPU.Build.0 = Release|Any CPU
		{35EBF445-058F-4CDB-BB46-5D5FB1D970F9}.Debug|Any CPU.ActiveCfg = Debug|Any CPU
		{35EBF445-058F-4CDB-BB46-5D5FB1D970F9}.Debug|Any CPU.Build.0 = Debug|Any CPU
		{35EBF445-058F-4CDB-BB46-5D5FB1D970F9}.Release|Any CPU.ActiveCfg = Release|Any CPU
		{35EBF445-058F-4CDB-BB46-5D5FB1D970F9}.Release|Any CPU.Build.0 = Release|Any CPU
		{FE0EF7C5-F35A-462E-AA33-5C7FBC45C727}.Debug|Any CPU.ActiveCfg = Debug|Any CPU
		{FE0EF7C5-F35A-462E-AA33-5C7FBC45C727}.Debug|Any CPU.Build.0 = Debug|Any CPU
		{FE0EF7C5-F35A-462E-AA33-5C7FBC45C727}.Release|Any CPU.ActiveCfg = Release|Any CPU
		{FE0EF7C5-F35A-462E-AA33-5C7FBC45C727}.Release|Any CPU.Build.0 = Release|Any CPU
		{8AC2B6FA-A495-4276-AB6F-DA4D02B55B36}.Debug|Any CPU.ActiveCfg = Debug|Any CPU
		{8AC2B6FA-A495-4276-AB6F-DA4D02B55B36}.Debug|Any CPU.Build.0 = Debug|Any CPU
		{8AC2B6FA-A495-4276-AB6F-DA4D02B55B36}.Release|Any CPU.ActiveCfg = Release|Any CPU
		{8AC2B6FA-A495-4276-AB6F-DA4D02B55B36}.Release|Any CPU.Build.0 = Release|Any CPU
		{31AAC4E4-B266-45E9-BA83-16DFA7C7425B}.Debug|Any CPU.ActiveCfg = Debug|Any CPU
		{31AAC4E4-B266-45E9-BA83-16DFA7C7425B}.Debug|Any CPU.Build.0 = Debug|Any CPU
		{31AAC4E4-B266-45E9-BA83-16DFA7C7425B}.Release|Any CPU.ActiveCfg = Release|Any CPU
		{31AAC4E4-B266-45E9-BA83-16DFA7C7425B}.Release|Any CPU.Build.0 = Release|Any CPU
	EndGlobalSection
	GlobalSection(SolutionProperties) = preSolution
		HideSolutionNode = FALSE
	EndGlobalSection
	GlobalSection(ExtensibilityGlobals) = postSolution
		SolutionGuid = {FF6F11E3-59DF-484F-8D81-2CB7DD460BEC}
	EndGlobalSection
EndGlobal
