
Microsoft Visual Studio Solution File, Format Version 12.00
# Visual Studio Version 17
VisualStudioVersion = 17.7.34009.444
MinimumVisualStudioVersion = 10.0.40219.1
Project("{9A19103F-16F7-4668-BE54-9A1E7A4F7556}") = "01.Dishwasher", "01.Dishwasher\01.Dishwasher.csproj", "{6C692794-DE97-4174-ABBD-07DEFCE7129A}"
EndProject
Project("{9A19103F-16F7-4668-BE54-9A1E7A4F7556}") = "02.ReportSystem", "02.ReportSystem\02.ReportSystem.csproj", "{1A2F626A-9EAE-48AD-B2B4-21DC4A22B732}"
EndProject
Project("{FAE04EC0-301F-11D3-BF4B-00C04F79EFBC}") = "03.StreamOfLetters", "03.StreamOfLetters\03.StreamOfLetters.csproj", "{8AC0C3E0-6A3F-423C-B1EE-EDE8313B1257}"
EndProject
Project("{FAE04EC0-301F-11D3-BF4B-00C04F79EFBC}") = "04.NumbersDividedBy3WithoutReminder", "04.NumbersDividedBy3WithoutReminder\04.NumbersDividedBy3WithoutReminder.csproj", "{D4A31A49-050F-4AFB-9B51-DB0099EBEF24}"
EndProject
Project("{FAE04EC0-301F-11D3-BF4B-00C04F79EFBC}") = "05.AverageNumber", "05.AverageNumber\05.AverageNumber.csproj", "{D97BD736-C632-4FE3-9976-015434D0F1FC}"
EndProject
Global
	GlobalSection(SolutionConfigurationPlatforms) = preSolution
		Debug|Any CPU = Debug|Any CPU
		Release|Any CPU = Release|Any CPU
	EndGlobalSection
	GlobalSection(ProjectConfigurationPlatforms) = postSolution
		{6C692794-DE97-4174-ABBD-07DEFCE7129A}.Debug|Any CPU.ActiveCfg = Debug|Any CPU
		{6C692794-DE97-4174-ABBD-07DEFCE7129A}.Debug|Any CPU.Build.0 = Debug|Any CPU
		{6C692794-DE97-4174-ABBD-07DEFCE7129A}.Release|Any CPU.ActiveCfg = Release|Any CPU
		{6C692794-DE97-4174-ABBD-07DEFCE7129A}.Release|Any CPU.Build.0 = Release|Any CPU
		{1A2F626A-9EAE-48AD-B2B4-21DC4A22B732}.Debug|Any CPU.ActiveCfg = Debug|Any CPU
		{1A2F626A-9EAE-48AD-B2B4-21DC4A22B732}.Debug|Any CPU.Build.0 = Debug|Any CPU
		{1A2F626A-9EAE-48AD-B2B4-21DC4A22B732}.Release|Any CPU.ActiveCfg = Release|Any CPU
		{1A2F626A-9EAE-48AD-B2B4-21DC4A22B732}.Release|Any CPU.Build.0 = Release|Any CPU
		{8AC0C3E0-6A3F-423C-B1EE-EDE8313B1257}.Debug|Any CPU.ActiveCfg = Debug|Any CPU
		{8AC0C3E0-6A3F-423C-B1EE-EDE8313B1257}.Debug|Any CPU.Build.0 = Debug|Any CPU
		{8AC0C3E0-6A3F-423C-B1EE-EDE8313B1257}.Release|Any CPU.ActiveCfg = Release|Any CPU
		{8AC0C3E0-6A3F-423C-B1EE-EDE8313B1257}.Release|Any CPU.Build.0 = Release|Any CPU
		{D4A31A49-050F-4AFB-9B51-DB0099EBEF24}.Debug|Any CPU.ActiveCfg = Debug|Any CPU
		{D4A31A49-050F-4AFB-9B51-DB0099EBEF24}.Debug|Any CPU.Build.0 = Debug|Any CPU
		{D4A31A49-050F-4AFB-9B51-DB0099EBEF24}.Release|Any CPU.ActiveCfg = Release|Any CPU
		{D4A31A49-050F-4AFB-9B51-DB0099EBEF24}.Release|Any CPU.Build.0 = Release|Any CPU
		{D97BD736-C632-4FE3-9976-015434D0F1FC}.Debug|Any CPU.ActiveCfg = Debug|Any CPU
		{D97BD736-C632-4FE3-9976-015434D0F1FC}.Debug|Any CPU.Build.0 = Debug|Any CPU
		{D97BD736-C632-4FE3-9976-015434D0F1FC}.Release|Any CPU.ActiveCfg = Release|Any CPU
		{D97BD736-C632-4FE3-9976-015434D0F1FC}.Release|Any CPU.Build.0 = Release|Any CPU
	EndGlobalSection
	GlobalSection(SolutionProperties) = preSolution
		HideSolutionNode = FALSE
	EndGlobalSection
	GlobalSection(ExtensibilityGlobals) = postSolution
		SolutionGuid = {06FA3407-B85A-424D-89FC-5B151EFDEE90}
	EndGlobalSection
EndGlobal
