
Microsoft Visual Studio Solution File, Format Version 12.00
# Visual Studio Version 17
VisualStudioVersion = 17.7.34009.444
MinimumVisualStudioVersion = 10.0.40219.1
Project("{FAE04EC0-301F-11D3-BF4B-00C04F79EFBC}") = "01.ReverseStrings", "01.ReverseStrings\01.ReverseStrings.csproj", "{0552F235-FEFA-4856-9F0F-2C948E88C133}"
EndProject
Project("{FAE04EC0-301F-11D3-BF4B-00C04F79EFBC}") = "02.RepeatStrings", "02.RepeatStrings\02.RepeatStrings.csproj", "{8A2CD058-BE57-4437-B016-B47F3516544F}"
EndProject
Project("{FAE04EC0-301F-11D3-BF4B-00C04F79EFBC}") = "03.Substring", "03.Substring\03.Substring.csproj", "{0AABD0E4-1DE1-4973-B4E5-AFADE9A72018}"
EndProject
Project("{FAE04EC0-301F-11D3-BF4B-00C04F79EFBC}") = "04.TextFilter", "04.TextFilter\04.TextFilter.csproj", "{6B7B37ED-0EAD-40FD-85B5-4E1CE700E08C}"
EndProject
Project("{FAE04EC0-301F-11D3-BF4B-00C04F79EFBC}") = "05.Digits,LettersAndOther", "05.Digits,LettersAndOther\05.Digits,LettersAndOther.csproj", "{560687C8-3833-451E-9737-C03CD3DE3266}"
EndProject
Global
	GlobalSection(SolutionConfigurationPlatforms) = preSolution
		Debug|Any CPU = Debug|Any CPU
		Release|Any CPU = Release|Any CPU
	EndGlobalSection
	GlobalSection(ProjectConfigurationPlatforms) = postSolution
		{0552F235-FEFA-4856-9F0F-2C948E88C133}.Debug|Any CPU.ActiveCfg = Debug|Any CPU
		{0552F235-FEFA-4856-9F0F-2C948E88C133}.Debug|Any CPU.Build.0 = Debug|Any CPU
		{0552F235-FEFA-4856-9F0F-2C948E88C133}.Release|Any CPU.ActiveCfg = Release|Any CPU
		{0552F235-FEFA-4856-9F0F-2C948E88C133}.Release|Any CPU.Build.0 = Release|Any CPU
		{8A2CD058-BE57-4437-B016-B47F3516544F}.Debug|Any CPU.ActiveCfg = Debug|Any CPU
		{8A2CD058-BE57-4437-B016-B47F3516544F}.Debug|Any CPU.Build.0 = Debug|Any CPU
		{8A2CD058-BE57-4437-B016-B47F3516544F}.Release|Any CPU.ActiveCfg = Release|Any CPU
		{8A2CD058-BE57-4437-B016-B47F3516544F}.Release|Any CPU.Build.0 = Release|Any CPU
		{0AABD0E4-1DE1-4973-B4E5-AFADE9A72018}.Debug|Any CPU.ActiveCfg = Debug|Any CPU
		{0AABD0E4-1DE1-4973-B4E5-AFADE9A72018}.Debug|Any CPU.Build.0 = Debug|Any CPU
		{0AABD0E4-1DE1-4973-B4E5-AFADE9A72018}.Release|Any CPU.ActiveCfg = Release|Any CPU
		{0AABD0E4-1DE1-4973-B4E5-AFADE9A72018}.Release|Any CPU.Build.0 = Release|Any CPU
		{6B7B37ED-0EAD-40FD-85B5-4E1CE700E08C}.Debug|Any CPU.ActiveCfg = Debug|Any CPU
		{6B7B37ED-0EAD-40FD-85B5-4E1CE700E08C}.Debug|Any CPU.Build.0 = Debug|Any CPU
		{6B7B37ED-0EAD-40FD-85B5-4E1CE700E08C}.Release|Any CPU.ActiveCfg = Release|Any CPU
		{6B7B37ED-0EAD-40FD-85B5-4E1CE700E08C}.Release|Any CPU.Build.0 = Release|Any CPU
		{560687C8-3833-451E-9737-C03CD3DE3266}.Debug|Any CPU.ActiveCfg = Debug|Any CPU
		{560687C8-3833-451E-9737-C03CD3DE3266}.Debug|Any CPU.Build.0 = Debug|Any CPU
		{560687C8-3833-451E-9737-C03CD3DE3266}.Release|Any CPU.ActiveCfg = Release|Any CPU
		{560687C8-3833-451E-9737-C03CD3DE3266}.Release|Any CPU.Build.0 = Release|Any CPU
	EndGlobalSection
	GlobalSection(SolutionProperties) = preSolution
		HideSolutionNode = FALSE
	EndGlobalSection
	GlobalSection(ExtensibilityGlobals) = postSolution
		SolutionGuid = {FDCB226B-F1CC-4F12-9C64-EBC8BE376E07}
	EndGlobalSection
EndGlobal
