
Microsoft Visual Studio Solution File, Format Version 12.00
# Visual Studio Version 17
VisualStudioVersion = 17.7.34009.444
MinimumVisualStudioVersion = 10.0.40219.1
Project("{FAE04EC0-301F-11D3-BF4B-00C04F79EFBC}") = "LabExercises", "LabExercises\LabExercises.csproj", "{4FC1BB7E-5EF1-4B86-8025-A77CF11890BA}"
EndProject
Project("{FAE04EC0-301F-11D3-BF4B-00C04F79EFBC}") = "01.Persons", "01.Persons\01.Persons.csproj", "{0FA4CE8F-397F-4152-80AD-C6FBA02A6104}"
EndProject
Project("{FAE04EC0-301F-11D3-BF4B-00C04F79EFBC}") = "02.Salary", "02.Salary\02.Salary.csproj", "{7D7172A3-3B89-48BF-A618-A2FC5A64B32D}"
EndProject
Project("{FAE04EC0-301F-11D3-BF4B-00C04F79EFBC}") = "03.Validation", "03.Validation\03.Validation.csproj", "{370CFDA2-FC7B-4E2A-94C5-5A0BAD555B3A}"
EndProject
Project("{FAE04EC0-301F-11D3-BF4B-00C04F79EFBC}") = "04.Team", "04.Team\04.Team.csproj", "{8CA6CCF3-245B-4373-9179-35222CD67A64}"
EndProject
Global
	GlobalSection(SolutionConfigurationPlatforms) = preSolution
		Debug|Any CPU = Debug|Any CPU
		Release|Any CPU = Release|Any CPU
	EndGlobalSection
	GlobalSection(ProjectConfigurationPlatforms) = postSolution
		{4FC1BB7E-5EF1-4B86-8025-A77CF11890BA}.Debug|Any CPU.ActiveCfg = Debug|Any CPU
		{4FC1BB7E-5EF1-4B86-8025-A77CF11890BA}.Debug|Any CPU.Build.0 = Debug|Any CPU
		{4FC1BB7E-5EF1-4B86-8025-A77CF11890BA}.Release|Any CPU.ActiveCfg = Release|Any CPU
		{4FC1BB7E-5EF1-4B86-8025-A77CF11890BA}.Release|Any CPU.Build.0 = Release|Any CPU
		{0FA4CE8F-397F-4152-80AD-C6FBA02A6104}.Debug|Any CPU.ActiveCfg = Debug|Any CPU
		{0FA4CE8F-397F-4152-80AD-C6FBA02A6104}.Debug|Any CPU.Build.0 = Debug|Any CPU
		{0FA4CE8F-397F-4152-80AD-C6FBA02A6104}.Release|Any CPU.ActiveCfg = Release|Any CPU
		{0FA4CE8F-397F-4152-80AD-C6FBA02A6104}.Release|Any CPU.Build.0 = Release|Any CPU
		{7D7172A3-3B89-48BF-A618-A2FC5A64B32D}.Debug|Any CPU.ActiveCfg = Debug|Any CPU
		{7D7172A3-3B89-48BF-A618-A2FC5A64B32D}.Debug|Any CPU.Build.0 = Debug|Any CPU
		{7D7172A3-3B89-48BF-A618-A2FC5A64B32D}.Release|Any CPU.ActiveCfg = Release|Any CPU
		{7D7172A3-3B89-48BF-A618-A2FC5A64B32D}.Release|Any CPU.Build.0 = Release|Any CPU
		{370CFDA2-FC7B-4E2A-94C5-5A0BAD555B3A}.Debug|Any CPU.ActiveCfg = Debug|Any CPU
		{370CFDA2-FC7B-4E2A-94C5-5A0BAD555B3A}.Debug|Any CPU.Build.0 = Debug|Any CPU
		{370CFDA2-FC7B-4E2A-94C5-5A0BAD555B3A}.Release|Any CPU.ActiveCfg = Release|Any CPU
		{370CFDA2-FC7B-4E2A-94C5-5A0BAD555B3A}.Release|Any CPU.Build.0 = Release|Any CPU
		{8CA6CCF3-245B-4373-9179-35222CD67A64}.Debug|Any CPU.ActiveCfg = Debug|Any CPU
		{8CA6CCF3-245B-4373-9179-35222CD67A64}.Debug|Any CPU.Build.0 = Debug|Any CPU
		{8CA6CCF3-245B-4373-9179-35222CD67A64}.Release|Any CPU.ActiveCfg = Release|Any CPU
		{8CA6CCF3-245B-4373-9179-35222CD67A64}.Release|Any CPU.Build.0 = Release|Any CPU
	EndGlobalSection
	GlobalSection(SolutionProperties) = preSolution
		HideSolutionNode = FALSE
	EndGlobalSection
	GlobalSection(ExtensibilityGlobals) = postSolution
		SolutionGuid = {AF3DC57A-32BA-4650-BBB8-870073FED57F}
	EndGlobalSection
EndGlobal
