
Microsoft Visual Studio Solution File, Format Version 12.00
# Visual Studio Version 17
VisualStudioVersion = 17.7.34009.444
MinimumVisualStudioVersion = 10.0.40219.1
Project("{FAE04EC0-301F-11D3-BF4B-00C04F79EFBC}") = "01.IntegerOperations", "01.IntegerOperations\01.IntegerOperations.csproj", "{D195C39C-CBD1-449C-B485-7ABD2CE1DBBA}"
EndProject
Project("{FAE04EC0-301F-11D3-BF4B-00C04F79EFBC}") = "02.SumDigits", "02.SumDigits\02.SumDigits.csproj", "{C91995D5-83BC-4341-9050-E5D03DF534A7}"
EndProject
Global
	GlobalSection(SolutionConfigurationPlatforms) = preSolution
		Debug|Any CPU = Debug|Any CPU
		Release|Any CPU = Release|Any CPU
	EndGlobalSection
	GlobalSection(ProjectConfigurationPlatforms) = postSolution
		{D195C39C-CBD1-449C-B485-7ABD2CE1DBBA}.Debug|Any CPU.ActiveCfg = Debug|Any CPU
		{D195C39C-CBD1-449C-B485-7ABD2CE1DBBA}.Debug|Any CPU.Build.0 = Debug|Any CPU
		{D195C39C-CBD1-449C-B485-7ABD2CE1DBBA}.Release|Any CPU.ActiveCfg = Release|Any CPU
		{D195C39C-CBD1-449C-B485-7ABD2CE1DBBA}.Release|Any CPU.Build.0 = Release|Any CPU
		{C91995D5-83BC-4341-9050-E5D03DF534A7}.Debug|Any CPU.ActiveCfg = Debug|Any CPU
		{C91995D5-83BC-4341-9050-E5D03DF534A7}.Debug|Any CPU.Build.0 = Debug|Any CPU
		{C91995D5-83BC-4341-9050-E5D03DF534A7}.Release|Any CPU.ActiveCfg = Release|Any CPU
		{C91995D5-83BC-4341-9050-E5D03DF534A7}.Release|Any CPU.Build.0 = Release|Any CPU
	EndGlobalSection
	GlobalSection(SolutionProperties) = preSolution
		HideSolutionNode = FALSE
	EndGlobalSection
	GlobalSection(ExtensibilityGlobals) = postSolution
		SolutionGuid = {8AC71E97-2872-465E-A141-36FE5FD40677}
	EndGlobalSection
EndGlobal
