
Microsoft Visual Studio Solution File, Format Version 12.00
# Visual Studio Version 17
VisualStudioVersion = 17.7.34009.444
MinimumVisualStudioVersion = 10.0.40219.1
Project("{FAE04EC0-301F-11D3-BF4B-00C04F79EFBC}") = "BoxOfT", "01.Box\BoxOfT.csproj", "{9BD60807-AA6A-47DA-9C28-F770C6D58635}"
EndProject
Project("{FAE04EC0-301F-11D3-BF4B-00C04F79EFBC}") = "GenericArrayCreator", "GenericArrayCreator\GenericArrayCreator.csproj", "{D154AFDC-6EE0-443E-ACA5-4407AE060055}"
EndProject
Project("{FAE04EC0-301F-11D3-BF4B-00C04F79EFBC}") = "GenericScale", "GenericScale\GenericScale.csproj", "{4DCD131B-CDBD-4489-95EA-6480FE734593}"
EndProject
Global
	GlobalSection(SolutionConfigurationPlatforms) = preSolution
		Debug|Any CPU = Debug|Any CPU
		Release|Any CPU = Release|Any CPU
	EndGlobalSection
	GlobalSection(ProjectConfigurationPlatforms) = postSolution
		{9BD60807-AA6A-47DA-9C28-F770C6D58635}.Debug|Any CPU.ActiveCfg = Debug|Any CPU
		{9BD60807-AA6A-47DA-9C28-F770C6D58635}.Debug|Any CPU.Build.0 = Debug|Any CPU
		{9BD60807-AA6A-47DA-9C28-F770C6D58635}.Release|Any CPU.ActiveCfg = Release|Any CPU
		{9BD60807-AA6A-47DA-9C28-F770C6D58635}.Release|Any CPU.Build.0 = Release|Any CPU
		{D154AFDC-6EE0-443E-ACA5-4407AE060055}.Debug|Any CPU.ActiveCfg = Debug|Any CPU
		{D154AFDC-6EE0-443E-ACA5-4407AE060055}.Debug|Any CPU.Build.0 = Debug|Any CPU
		{D154AFDC-6EE0-443E-ACA5-4407AE060055}.Release|Any CPU.ActiveCfg = Release|Any CPU
		{D154AFDC-6EE0-443E-ACA5-4407AE060055}.Release|Any CPU.Build.0 = Release|Any CPU
		{4DCD131B-CDBD-4489-95EA-6480FE734593}.Debug|Any CPU.ActiveCfg = Debug|Any CPU
		{4DCD131B-CDBD-4489-95EA-6480FE734593}.Debug|Any CPU.Build.0 = Debug|Any CPU
		{4DCD131B-CDBD-4489-95EA-6480FE734593}.Release|Any CPU.ActiveCfg = Release|Any CPU
		{4DCD131B-CDBD-4489-95EA-6480FE734593}.Release|Any CPU.Build.0 = Release|Any CPU
	EndGlobalSection
	GlobalSection(SolutionProperties) = preSolution
		HideSolutionNode = FALSE
	EndGlobalSection
	GlobalSection(ExtensibilityGlobals) = postSolution
		SolutionGuid = {5D77509C-A366-4764-A835-4BFFA8145D1B}
	EndGlobalSection
EndGlobal
