
Microsoft Visual Studio Solution File, Format Version 12.00
# Visual Studio Version 17
VisualStudioVersion = 17.7.34009.444
MinimumVisualStudioVersion = 10.0.40219.1
Project("{FAE04EC0-301F-11D3-BF4B-00C04F79EFBC}") = "01.ExperienceGaining", "Problem 1\01.ExperienceGaining.csproj", "{8F27F424-F6FC-4151-A0EA-0D9CC236E5B7}"
EndProject
Project("{FAE04EC0-301F-11D3-BF4B-00C04F79EFBC}") = "02.CoffeeLover", "Problem2\02.CoffeeLover.csproj", "{FA4A987A-3323-49C8-89A2-734B84A81714}"
EndProject
Project("{FAE04EC0-301F-11D3-BF4B-00C04F79EFBC}") = "03.DeckOfCards", "Problem3\03.DeckOfCards.csproj", "{FD438A99-9299-4C43-9708-EE19CEFCDC3A}"
EndProject
Global
	GlobalSection(SolutionConfigurationPlatforms) = preSolution
		Debug|Any CPU = Debug|Any CPU
		Release|Any CPU = Release|Any CPU
	EndGlobalSection
	GlobalSection(ProjectConfigurationPlatforms) = postSolution
		{8F27F424-F6FC-4151-A0EA-0D9CC236E5B7}.Debug|Any CPU.ActiveCfg = Debug|Any CPU
		{8F27F424-F6FC-4151-A0EA-0D9CC236E5B7}.Debug|Any CPU.Build.0 = Debug|Any CPU
		{8F27F424-F6FC-4151-A0EA-0D9CC236E5B7}.Release|Any CPU.ActiveCfg = Release|Any CPU
		{8F27F424-F6FC-4151-A0EA-0D9CC236E5B7}.Release|Any CPU.Build.0 = Release|Any CPU
		{FA4A987A-3323-49C8-89A2-734B84A81714}.Debug|Any CPU.ActiveCfg = Debug|Any CPU
		{FA4A987A-3323-49C8-89A2-734B84A81714}.Debug|Any CPU.Build.0 = Debug|Any CPU
		{FA4A987A-3323-49C8-89A2-734B84A81714}.Release|Any CPU.ActiveCfg = Release|Any CPU
		{FA4A987A-3323-49C8-89A2-734B84A81714}.Release|Any CPU.Build.0 = Release|Any CPU
		{FD438A99-9299-4C43-9708-EE19CEFCDC3A}.Debug|Any CPU.ActiveCfg = Debug|Any CPU
		{FD438A99-9299-4C43-9708-EE19CEFCDC3A}.Debug|Any CPU.Build.0 = Debug|Any CPU
		{FD438A99-9299-4C43-9708-EE19CEFCDC3A}.Release|Any CPU.ActiveCfg = Release|Any CPU
		{FD438A99-9299-4C43-9708-EE19CEFCDC3A}.Release|Any CPU.Build.0 = Release|Any CPU
	EndGlobalSection
	GlobalSection(SolutionProperties) = preSolution
		HideSolutionNode = FALSE
	EndGlobalSection
	GlobalSection(ExtensibilityGlobals) = postSolution
		SolutionGuid = {0B6A2765-7339-48A3-88F5-67D5B1237ADA}
	EndGlobalSection
EndGlobal
