
Microsoft Visual Studio Solution File, Format Version 12.00
# Visual Studio Version 17
VisualStudioVersion = 17.7.34009.444
MinimumVisualStudioVersion = 10.0.40219.1
Project("{FAE04EC0-301F-11D3-BF4B-00C04F79EFBC}") = "01.RandomizeWords", "01.AdvertisementMessage\01.RandomizeWords.csproj", "{8DF25D84-B86E-4BD8-B7CE-B4C920566235}"
EndProject
Project("{FAE04EC0-301F-11D3-BF4B-00C04F79EFBC}") = "02.BigFactorial", "02.BigFactorial\02.BigFactorial.csproj", "{56A6EF0F-8F53-4663-824C-7B811E86C892}"
EndProject
Project("{FAE04EC0-301F-11D3-BF4B-00C04F79EFBC}") = "03.Songs", "03.Songs\03.Songs.csproj", "{35FB976C-691D-4D9E-8480-903AB51804D0}"
EndProject
Project("{FAE04EC0-301F-11D3-BF4B-00C04F79EFBC}") = "04.Students", "04.Students\04.Students.csproj", "{686D379C-1596-4CB3-AFB6-D3C71A8BFF1B}"
EndProject
Project("{FAE04EC0-301F-11D3-BF4B-00C04F79EFBC}") = "05.Students2.0", "5.Students2.0\05.Students2.0.csproj", "{7F59D017-66A6-413E-9CAF-62594B68A472}"
EndProject
Project("{FAE04EC0-301F-11D3-BF4B-00C04F79EFBC}") = "06.StoreBoxes", "6.StoreBoxes\06.StoreBoxes.csproj", "{B1D5353E-7A56-47E3-A0B5-693AA9B33B8F}"
EndProject
Project("{FAE04EC0-301F-11D3-BF4B-00C04F79EFBC}") = "07.VehicleCatalogue", "07.VehicleCatalogue\07.VehicleCatalogue.csproj", "{C51D0FC3-877E-4F17-9105-D6E081E46AA0}"
EndProject
Global
	GlobalSection(SolutionConfigurationPlatforms) = preSolution
		Debug|Any CPU = Debug|Any CPU
		Release|Any CPU = Release|Any CPU
	EndGlobalSection
	GlobalSection(ProjectConfigurationPlatforms) = postSolution
		{8DF25D84-B86E-4BD8-B7CE-B4C920566235}.Debug|Any CPU.ActiveCfg = Debug|Any CPU
		{8DF25D84-B86E-4BD8-B7CE-B4C920566235}.Debug|Any CPU.Build.0 = Debug|Any CPU
		{8DF25D84-B86E-4BD8-B7CE-B4C920566235}.Release|Any CPU.ActiveCfg = Release|Any CPU
		{8DF25D84-B86E-4BD8-B7CE-B4C920566235}.Release|Any CPU.Build.0 = Release|Any CPU
		{56A6EF0F-8F53-4663-824C-7B811E86C892}.Debug|Any CPU.ActiveCfg = Debug|Any CPU
		{56A6EF0F-8F53-4663-824C-7B811E86C892}.Debug|Any CPU.Build.0 = Debug|Any CPU
		{56A6EF0F-8F53-4663-824C-7B811E86C892}.Release|Any CPU.ActiveCfg = Release|Any CPU
		{56A6EF0F-8F53-4663-824C-7B811E86C892}.Release|Any CPU.Build.0 = Release|Any CPU
		{35FB976C-691D-4D9E-8480-903AB51804D0}.Debug|Any CPU.ActiveCfg = Debug|Any CPU
		{35FB976C-691D-4D9E-8480-903AB51804D0}.Debug|Any CPU.Build.0 = Debug|Any CPU
		{35FB976C-691D-4D9E-8480-903AB51804D0}.Release|Any CPU.ActiveCfg = Release|Any CPU
		{35FB976C-691D-4D9E-8480-903AB51804D0}.Release|Any CPU.Build.0 = Release|Any CPU
		{686D379C-1596-4CB3-AFB6-D3C71A8BFF1B}.Debug|Any CPU.ActiveCfg = Debug|Any CPU
		{686D379C-1596-4CB3-AFB6-D3C71A8BFF1B}.Debug|Any CPU.Build.0 = Debug|Any CPU
		{686D379C-1596-4CB3-AFB6-D3C71A8BFF1B}.Release|Any CPU.ActiveCfg = Release|Any CPU
		{686D379C-1596-4CB3-AFB6-D3C71A8BFF1B}.Release|Any CPU.Build.0 = Release|Any CPU
		{7F59D017-66A6-413E-9CAF-62594B68A472}.Debug|Any CPU.ActiveCfg = Debug|Any CPU
		{7F59D017-66A6-413E-9CAF-62594B68A472}.Debug|Any CPU.Build.0 = Debug|Any CPU
		{7F59D017-66A6-413E-9CAF-62594B68A472}.Release|Any CPU.ActiveCfg = Release|Any CPU
		{7F59D017-66A6-413E-9CAF-62594B68A472}.Release|Any CPU.Build.0 = Release|Any CPU
		{B1D5353E-7A56-47E3-A0B5-693AA9B33B8F}.Debug|Any CPU.ActiveCfg = Debug|Any CPU
		{B1D5353E-7A56-47E3-A0B5-693AA9B33B8F}.Debug|Any CPU.Build.0 = Debug|Any CPU
		{B1D5353E-7A56-47E3-A0B5-693AA9B33B8F}.Release|Any CPU.ActiveCfg = Release|Any CPU
		{B1D5353E-7A56-47E3-A0B5-693AA9B33B8F}.Release|Any CPU.Build.0 = Release|Any CPU
		{C51D0FC3-877E-4F17-9105-D6E081E46AA0}.Debug|Any CPU.ActiveCfg = Debug|Any CPU
		{C51D0FC3-877E-4F17-9105-D6E081E46AA0}.Debug|Any CPU.Build.0 = Debug|Any CPU
		{C51D0FC3-877E-4F17-9105-D6E081E46AA0}.Release|Any CPU.ActiveCfg = Release|Any CPU
		{C51D0FC3-877E-4F17-9105-D6E081E46AA0}.Release|Any CPU.Build.0 = Release|Any CPU
	EndGlobalSection
	GlobalSection(SolutionProperties) = preSolution
		HideSolutionNode = FALSE
	EndGlobalSection
	GlobalSection(ExtensibilityGlobals) = postSolution
		SolutionGuid = {35D10B51-115B-44A5-9E87-CDE1B7D2F10F}
	EndGlobalSection
EndGlobal
