
Microsoft Visual Studio Solution File, Format Version 12.00
# Visual Studio Version 17
VisualStudioVersion = 17.7.34009.444
MinimumVisualStudioVersion = 10.0.40219.1
Project("{FAE04EC0-301F-11D3-BF4B-00C04F79EFBC}") = "01.Vehicles", "01.Vehicles\01.Vehicles.csproj", "{7B97931E-C95E-4EEC-9289-0B6CBFD751D3}"
EndProject
Project("{FAE04EC0-301F-11D3-BF4B-00C04F79EFBC}") = "03.Raiding", "03.Raiding\03.Raiding.csproj", "{55E2D514-7C17-41E7-ADDE-929638F3DDBC}"
EndProject
Project("{FAE04EC0-301F-11D3-BF4B-00C04F79EFBC}") = "04.WildFarm", "04.WildFarm\04.WildFarm.csproj", "{A8E68EB4-E9FF-461C-8AE1-FBBB2A58AAA5}"
EndProject
Global
	GlobalSection(SolutionConfigurationPlatforms) = preSolution
		Debug|Any CPU = Debug|Any CPU
		Release|Any CPU = Release|Any CPU
	EndGlobalSection
	GlobalSection(ProjectConfigurationPlatforms) = postSolution
		{7B97931E-C95E-4EEC-9289-0B6CBFD751D3}.Debug|Any CPU.ActiveCfg = Debug|Any CPU
		{7B97931E-C95E-4EEC-9289-0B6CBFD751D3}.Debug|Any CPU.Build.0 = Debug|Any CPU
		{7B97931E-C95E-4EEC-9289-0B6CBFD751D3}.Release|Any CPU.ActiveCfg = Release|Any CPU
		{7B97931E-C95E-4EEC-9289-0B6CBFD751D3}.Release|Any CPU.Build.0 = Release|Any CPU
		{55E2D514-7C17-41E7-ADDE-929638F3DDBC}.Debug|Any CPU.ActiveCfg = Debug|Any CPU
		{55E2D514-7C17-41E7-ADDE-929638F3DDBC}.Debug|Any CPU.Build.0 = Debug|Any CPU
		{55E2D514-7C17-41E7-ADDE-929638F3DDBC}.Release|Any CPU.ActiveCfg = Release|Any CPU
		{55E2D514-7C17-41E7-ADDE-929638F3DDBC}.Release|Any CPU.Build.0 = Release|Any CPU
		{A8E68EB4-E9FF-461C-8AE1-FBBB2A58AAA5}.Debug|Any CPU.ActiveCfg = Debug|Any CPU
		{A8E68EB4-E9FF-461C-8AE1-FBBB2A58AAA5}.Debug|Any CPU.Build.0 = Debug|Any CPU
		{A8E68EB4-E9FF-461C-8AE1-FBBB2A58AAA5}.Release|Any CPU.ActiveCfg = Release|Any CPU
		{A8E68EB4-E9FF-461C-8AE1-FBBB2A58AAA5}.Release|Any CPU.Build.0 = Release|Any CPU
	EndGlobalSection
	GlobalSection(SolutionProperties) = preSolution
		HideSolutionNode = FALSE
	EndGlobalSection
	GlobalSection(ExtensibilityGlobals) = postSolution
		SolutionGuid = {20FAC9D0-938D-4205-93A8-7E65E5D9521F}
	EndGlobalSection
EndGlobal
