
Microsoft Visual Studio Solution File, Format Version 12.00
# Visual Studio Version 17
VisualStudioVersion = 17.7.34009.444
MinimumVisualStudioVersion = 10.0.40219.1
Project("{FAE04EC0-301F-11D3-BF4B-00C04F79EFBC}") = "01.MatchFullName", "01.MatchFullName\01.MatchFullName.csproj", "{6FC77E21-7EDD-46D3-9D21-52B16A6DEBED}"
EndProject
Project("{FAE04EC0-301F-11D3-BF4B-00C04F79EFBC}") = "02.MatchPhoneNumber", "02.MatchPhoneNumber\02.MatchPhoneNumber.csproj", "{F1EDC468-1ECC-491A-8A75-040C4185E602}"
EndProject
Project("{FAE04EC0-301F-11D3-BF4B-00C04F79EFBC}") = "03.MatchDates", "03.MatchDates\03.MatchDates.csproj", "{9D319808-B3D9-48E7-B081-B523F7CCF60E}"
EndProject
Global
	GlobalSection(SolutionConfigurationPlatforms) = preSolution
		Debug|Any CPU = Debug|Any CPU
		Release|Any CPU = Release|Any CPU
	EndGlobalSection
	GlobalSection(ProjectConfigurationPlatforms) = postSolution
		{6FC77E21-7EDD-46D3-9D21-52B16A6DEBED}.Debug|Any CPU.ActiveCfg = Debug|Any CPU
		{6FC77E21-7EDD-46D3-9D21-52B16A6DEBED}.Debug|Any CPU.Build.0 = Debug|Any CPU
		{6FC77E21-7EDD-46D3-9D21-52B16A6DEBED}.Release|Any CPU.ActiveCfg = Release|Any CPU
		{6FC77E21-7EDD-46D3-9D21-52B16A6DEBED}.Release|Any CPU.Build.0 = Release|Any CPU
		{F1EDC468-1ECC-491A-8A75-040C4185E602}.Debug|Any CPU.ActiveCfg = Debug|Any CPU
		{F1EDC468-1ECC-491A-8A75-040C4185E602}.Debug|Any CPU.Build.0 = Debug|Any CPU
		{F1EDC468-1ECC-491A-8A75-040C4185E602}.Release|Any CPU.ActiveCfg = Release|Any CPU
		{F1EDC468-1ECC-491A-8A75-040C4185E602}.Release|Any CPU.Build.0 = Release|Any CPU
		{9D319808-B3D9-48E7-B081-B523F7CCF60E}.Debug|Any CPU.ActiveCfg = Debug|Any CPU
		{9D319808-B3D9-48E7-B081-B523F7CCF60E}.Debug|Any CPU.Build.0 = Debug|Any CPU
		{9D319808-B3D9-48E7-B081-B523F7CCF60E}.Release|Any CPU.ActiveCfg = Release|Any CPU
		{9D319808-B3D9-48E7-B081-B523F7CCF60E}.Release|Any CPU.Build.0 = Release|Any CPU
	EndGlobalSection
	GlobalSection(SolutionProperties) = preSolution
		HideSolutionNode = FALSE
	EndGlobalSection
	GlobalSection(ExtensibilityGlobals) = postSolution
		SolutionGuid = {DBE888B2-1FCE-45D3-A6B8-3B5B177476AD}
	EndGlobalSection
EndGlobal
