
Microsoft Visual Studio Solution File, Format Version 12.00
# Visual Studio Version 17
VisualStudioVersion = 17.7.34009.444
MinimumVisualStudioVersion = 10.0.40219.1
Project("{9A19103F-16F7-4668-BE54-9A1E7A4F7556}") = "01.AdvertisementMessage", "1.AdvertisementMessage\01.AdvertisementMessage.csproj", "{DFEA3864-645F-4666-ABC2-A57226790991}"
EndProject
Project("{9A19103F-16F7-4668-BE54-9A1E7A4F7556}") = "02.Articles", "02.Articles\02.Articles.csproj", "{FD728CF6-3655-48CC-B28D-F42C8C1AB7F1}"
EndProject
Project("{9A19103F-16F7-4668-BE54-9A1E7A4F7556}") = "03.Articles2.0", "03.Articles2.0\03.Articles2.0.csproj", "{0E42A566-9693-42E4-A2DA-1B8973931AB1}"
EndProject
Project("{9A19103F-16F7-4668-BE54-9A1E7A4F7556}") = "04.Students", "04.Students\04.Students.csproj", "{70D76831-5292-4FDA-AC98-774560484485}"
EndProject
Project("{9A19103F-16F7-4668-BE54-9A1E7A4F7556}") = "05.TeamworkProjects", "05.TeamworkProjects\05.TeamworkProjects.csproj", "{5B728E32-05A4-4DE6-8975-6EE28EA4730B}"
EndProject
Project("{9A19103F-16F7-4668-BE54-9A1E7A4F7556}") = "06.VehicleCatalogue", "06.VehicleCatalogue\06.VehicleCatalogue.csproj", "{0624FA27-D9F9-4C91-A6C1-BA15DBF36BA7}"
EndProject
Project("{FAE04EC0-301F-11D3-BF4B-00C04F79EFBC}") = "07.OrderByAge", "07.OrderByAge\07.OrderByAge.csproj", "{3C004505-95A5-451F-9883-77E445B716F2}"
EndProject
Global
	GlobalSection(SolutionConfigurationPlatforms) = preSolution
		Debug|Any CPU = Debug|Any CPU
		Release|Any CPU = Release|Any CPU
	EndGlobalSection
	GlobalSection(ProjectConfigurationPlatforms) = postSolution
		{DFEA3864-645F-4666-ABC2-A57226790991}.Debug|Any CPU.ActiveCfg = Debug|Any CPU
		{DFEA3864-645F-4666-ABC2-A57226790991}.Debug|Any CPU.Build.0 = Debug|Any CPU
		{DFEA3864-645F-4666-ABC2-A57226790991}.Release|Any CPU.ActiveCfg = Release|Any CPU
		{DFEA3864-645F-4666-ABC2-A57226790991}.Release|Any CPU.Build.0 = Release|Any CPU
		{FD728CF6-3655-48CC-B28D-F42C8C1AB7F1}.Debug|Any CPU.ActiveCfg = Debug|Any CPU
		{FD728CF6-3655-48CC-B28D-F42C8C1AB7F1}.Debug|Any CPU.Build.0 = Debug|Any CPU
		{FD728CF6-3655-48CC-B28D-F42C8C1AB7F1}.Release|Any CPU.ActiveCfg = Release|Any CPU
		{FD728CF6-3655-48CC-B28D-F42C8C1AB7F1}.Release|Any CPU.Build.0 = Release|Any CPU
		{0E42A566-9693-42E4-A2DA-1B8973931AB1}.Debug|Any CPU.ActiveCfg = Debug|Any CPU
		{0E42A566-9693-42E4-A2DA-1B8973931AB1}.Debug|Any CPU.Build.0 = Debug|Any CPU
		{0E42A566-9693-42E4-A2DA-1B8973931AB1}.Release|Any CPU.ActiveCfg = Release|Any CPU
		{0E42A566-9693-42E4-A2DA-1B8973931AB1}.Release|Any CPU.Build.0 = Release|Any CPU
		{70D76831-5292-4FDA-AC98-774560484485}.Debug|Any CPU.ActiveCfg = Debug|Any CPU
		{70D76831-5292-4FDA-AC98-774560484485}.Debug|Any CPU.Build.0 = Debug|Any CPU
		{70D76831-5292-4FDA-AC98-774560484485}.Release|Any CPU.ActiveCfg = Release|Any CPU
		{70D76831-5292-4FDA-AC98-774560484485}.Release|Any CPU.Build.0 = Release|Any CPU
		{5B728E32-05A4-4DE6-8975-6EE28EA4730B}.Debug|Any CPU.ActiveCfg = Debug|Any CPU
		{5B728E32-05A4-4DE6-8975-6EE28EA4730B}.Debug|Any CPU.Build.0 = Debug|Any CPU
		{5B728E32-05A4-4DE6-8975-6EE28EA4730B}.Release|Any CPU.ActiveCfg = Release|Any CPU
		{5B728E32-05A4-4DE6-8975-6EE28EA4730B}.Release|Any CPU.Build.0 = Release|Any CPU
		{0624FA27-D9F9-4C91-A6C1-BA15DBF36BA7}.Debug|Any CPU.ActiveCfg = Debug|Any CPU
		{0624FA27-D9F9-4C91-A6C1-BA15DBF36BA7}.Debug|Any CPU.Build.0 = Debug|Any CPU
		{0624FA27-D9F9-4C91-A6C1-BA15DBF36BA7}.Release|Any CPU.ActiveCfg = Release|Any CPU
		{0624FA27-D9F9-4C91-A6C1-BA15DBF36BA7}.Release|Any CPU.Build.0 = Release|Any CPU
		{3C004505-95A5-451F-9883-77E445B716F2}.Debug|Any CPU.ActiveCfg = Debug|Any CPU
		{3C004505-95A5-451F-9883-77E445B716F2}.Debug|Any CPU.Build.0 = Debug|Any CPU
		{3C004505-95A5-451F-9883-77E445B716F2}.Release|Any CPU.ActiveCfg = Release|Any CPU
		{3C004505-95A5-451F-9883-77E445B716F2}.Release|Any CPU.Build.0 = Release|Any CPU
	EndGlobalSection
	GlobalSection(SolutionProperties) = preSolution
		HideSolutionNode = FALSE
	EndGlobalSection
	GlobalSection(ExtensibilityGlobals) = postSolution
		SolutionGuid = {AEA0EE12-44E5-441B-9E1F-EFEEC384CEEA}
	EndGlobalSection
EndGlobal
