
Microsoft Visual Studio Solution File, Format Version 12.00
# Visual Studio Version 17
VisualStudioVersion = 17.7.34009.444
MinimumVisualStudioVersion = 10.0.40219.1
Project("{FAE04EC0-301F-11D3-BF4B-00C04F79EFBC}") = "CarManufacturer", "CarManufacturer\CarManufacturer.csproj", "{2CC0F774-05F6-45B4-8185-FA3975C080AA}"
EndProject
Global
	GlobalSection(SolutionConfigurationPlatforms) = preSolution
		Debug|Any CPU = Debug|Any CPU
		Release|Any CPU = Release|Any CPU
	EndGlobalSection
	GlobalSection(ProjectConfigurationPlatforms) = postSolution
		{2CC0F774-05F6-45B4-8185-FA3975C080AA}.Debug|Any CPU.ActiveCfg = Debug|Any CPU
		{2CC0F774-05F6-45B4-8185-FA3975C080AA}.Debug|Any CPU.Build.0 = Debug|Any CPU
		{2CC0F774-05F6-45B4-8185-FA3975C080AA}.Release|Any CPU.ActiveCfg = Release|Any CPU
		{2CC0F774-05F6-45B4-8185-FA3975C080AA}.Release|Any CPU.Build.0 = Release|Any CPU
	EndGlobalSection
	GlobalSection(SolutionProperties) = preSolution
		HideSolutionNode = FALSE
	EndGlobalSection
	GlobalSection(ExtensibilityGlobals) = postSolution
		SolutionGuid = {064F9B19-1968-4B8C-B15C-ACFCBF4580B3}
	EndGlobalSection
EndGlobal
